import type { Prisma } from '@prisma/client';
import type { Request, Response } from 'express';
import { prisma } from '../db/prisma.js';
import { hasPermission, loadUserAccess, requirePermission } from '../services/access.service.js';
import { writeAudit } from '../services/audit.service.js';

function getBusinessId(req: Request, res: Response): string | null {
  const businessId = req.tenant?.businessId;

  if (!businessId) {
    res.status(401).json({
      ok: false,
      error: {
        message: 'Authenticated business is required'
      }
    });
    return null;
  }

  return businessId;
}

function cleanString(value: unknown): string | undefined {
  const text = String(value || '').trim();

  return text || undefined;
}

function parseMoney(value: unknown, fallback = 0): number {
  const parsed = Number(value);

  if (!Number.isFinite(parsed)) {
    return fallback;
  }

  return parsed;
}

function parseIntValue(value: unknown, fallback = 30): number {
  const parsed = Number(value);

  if (!Number.isFinite(parsed)) {
    return fallback;
  }

  return Math.trunc(parsed);
}

function formatCustomer(customer: {
  id: string;
  businessId: string;
  name: string;
  code: string | null;
  company: string | null;
  phone: string | null;
  email: string | null;
  type: string | null;
  address: string | null;
  creditLimit: unknown;
  creditDays: number;
  openingBalance: unknown;
  balance: unknown;
  status: string | null;
  active: boolean;
  createdAt: Date;
  updatedAt: Date;
}) {
  return {
    id: customer.id,
    businessId: customer.businessId,
    name: customer.name,
    code: customer.code,
    company: customer.company,
    phone: customer.phone,
    email: customer.email,
    type: customer.type,
    address: customer.address,
    creditLimit: Number(customer.creditLimit),
    creditDays: customer.creditDays,
    openingBalance: Number(customer.openingBalance),
    balance: Number(customer.balance),
    status: customer.status,
    active: customer.active,
    createdAt: customer.createdAt,
    updatedAt: customer.updatedAt
  };
}

export async function listCustomers(req: Request, res: Response): Promise<void> {
  try {
    const businessId = getBusinessId(req, res);

    if (!businessId) {
      return;
    }

    const q = cleanString(req.query.q);
    const activeQuery = cleanString(req.query.active);

    const where: Prisma.CustomerWhereInput = {
      businessId
    };

    if (activeQuery === 'true') {
      where.active = true;
    }

    if (activeQuery === 'false') {
      where.active = false;
    }

    if (q) {
      where.OR = [
        {
          name: {
            contains: q,
            mode: 'insensitive'
          }
        },
        {
          code: {
            contains: q,
            mode: 'insensitive'
          }
        },
        {
          company: {
            contains: q,
            mode: 'insensitive'
          }
        },
        {
          phone: {
            contains: q,
            mode: 'insensitive'
          }
        },
        {
          email: {
            contains: q,
            mode: 'insensitive'
          }
        }
      ];
    }

    const customers = await prisma.customer.findMany({
      where,
      orderBy: {
        createdAt: 'desc'
      },
      take: 100
    });

    res.json({
      ok: true,
      count: customers.length,
      customers: customers.map(formatCustomer)
    });
  } catch (error) {
    console.error('List customers failed:', error);

    res.status(500).json({
      ok: false,
      error: {
        message: 'Failed to list customers'
      }
    });
  }
}

export async function getCustomer(req: Request, res: Response): Promise<void> {
  try {
    const businessId = getBusinessId(req, res);

    if (!businessId) {
      return;
    }

    const id = cleanString(req.params.id);

    if (!id) {
      res.status(400).json({
        ok: false,
        error: {
          message: 'Customer id is required'
        }
      });
      return;
    }

    const customer = await prisma.customer.findFirst({
      where: {
        id,
        businessId
      }
    });

    if (!customer) {
      res.status(404).json({
        ok: false,
        error: {
          message: 'Customer not found'
        }
      });
      return;
    }

    res.json({
      ok: true,
      customer: formatCustomer(customer)
    });
  } catch (error) {
    console.error('Get customer failed:', error);

    res.status(500).json({
      ok: false,
      error: {
        message: 'Failed to get customer'
      }
    });
  }
}

export async function createCustomer(req: Request, res: Response): Promise<void> {
  try {
    const businessId = getBusinessId(req, res);

    if (!businessId) {
      return;
    }

    const name = cleanString(req.body?.name);

    if (!name) {
      res.status(400).json({
        ok: false,
        error: {
          message: 'Customer name is required'
        }
      });
      return;
    }

    const openingBalance = parseMoney(req.body?.openingBalance, 0);
    const balance =
      req.body?.balance === undefined || req.body?.balance === null
        ? openingBalance
        : parseMoney(req.body?.balance, openingBalance);

    const customer = await prisma.customer.create({
      data: {
        businessId,
        name,
        code: cleanString(req.body?.code),
        company: cleanString(req.body?.company),
        phone: cleanString(req.body?.phone),
        email: cleanString(req.body?.email)?.toLowerCase(),
        type: cleanString(req.body?.type) || 'Retail',
        address: cleanString(req.body?.address),
        creditLimit: parseMoney(req.body?.creditLimit, 0),
        creditDays: parseIntValue(req.body?.creditDays, 30),
        openingBalance,
        balance,
        status: cleanString(req.body?.status) || 'active',
        active: req.body?.active === undefined ? true : Boolean(req.body?.active)
      }
    });

    res.status(201).json({
      ok: true,
      customer: formatCustomer(customer)
    });
  } catch (error) {
    console.error('Create customer failed:', error);

    res.status(500).json({
      ok: false,
      error: {
        message: 'Failed to create customer'
      }
    });
  }
}

export async function updateCustomer(req: Request, res: Response): Promise<void> {
  try {
    const businessId = getBusinessId(req, res);

    if (!businessId) {
      return;
    }

    const id = cleanString(req.params.id);

    if (!id) {
      res.status(400).json({
        ok: false,
        error: {
          message: 'Customer id is required'
        }
      });
      return;
    }

    const existing = await prisma.customer.findFirst({
      where: {
        id,
        businessId
      }
    });

    if (!existing) {
      res.status(404).json({
        ok: false,
        error: {
          message: 'Customer not found'
        }
      });
      return;
    }

    const data: Prisma.CustomerUpdateInput = {};

    if (req.body?.name !== undefined) {
      const name = cleanString(req.body?.name);

      if (!name) {
        res.status(400).json({
          ok: false,
          error: {
            message: 'Customer name cannot be empty'
          }
        });
        return;
      }

      data.name = name;
    }

    if (req.body?.code !== undefined) {
      data.code = cleanString(req.body?.code) || null;
    }

    if (req.body?.company !== undefined) {
      data.company = cleanString(req.body?.company) || null;
    }

    if (req.body?.phone !== undefined) {
      data.phone = cleanString(req.body?.phone) || null;
    }

    if (req.body?.email !== undefined) {
      data.email = cleanString(req.body?.email)?.toLowerCase() || null;
    }

    if (req.body?.type !== undefined) {
      data.type = cleanString(req.body?.type) || 'Retail';
    }

    if (req.body?.address !== undefined) {
      data.address = cleanString(req.body?.address) || null;
    }

    if (req.body?.creditLimit !== undefined) {
      data.creditLimit = parseMoney(req.body?.creditLimit, 0);
    }

    if (req.body?.creditDays !== undefined) {
      data.creditDays = parseIntValue(req.body?.creditDays, existing.creditDays);
    }

    if (req.body?.openingBalance !== undefined) {
      data.openingBalance = parseMoney(req.body?.openingBalance, Number(existing.openingBalance));
    }

    if (req.body?.balance !== undefined) {
      data.balance = parseMoney(req.body?.balance, Number(existing.balance));
    }

    if (req.body?.status !== undefined) {
      data.status = cleanString(req.body?.status) || 'active';
    }

    if (req.body?.active !== undefined) {
      data.active = Boolean(req.body?.active);
    }

    const customer = await prisma.customer.update({
      where: {
        id: existing.id
      },
      data
    });

    res.json({
      ok: true,
      customer: formatCustomer(customer)
    });
  } catch (error) {
    console.error('Update customer failed:', error);

    res.status(500).json({
      ok: false,
      error: {
        message: 'Failed to update customer'
      }
    });
  }
}

export async function deleteCustomer(req: Request, res: Response): Promise<void> {
  try {
    const businessId = getBusinessId(req, res);

    if (!businessId) {
      return;
    }

    const id = cleanString(req.params.id);

    if (!id) {
      res.status(400).json({
        ok: false,
        error: {
          message: 'Customer id is required'
        }
      });
      return;
    }

    const existing = await prisma.customer.findFirst({
      where: {
        id,
        businessId
      }
    });

    if (!existing) {
      res.status(404).json({
        ok: false,
        error: {
          message: 'Customer not found'
        }
      });
      return;
    }

    const customer = await prisma.customer.update({
      where: {
        id: existing.id
      },
      data: {
        active: false,
        status: 'inactive'
      }
    });

    res.json({
      ok: true,
      customer: formatCustomer(customer)
    });
  } catch (error) {
    console.error('Delete customer failed:', error);

    res.status(500).json({
      ok: false,
      error: {
        message: 'Failed to delete customer'
      }
    });
  }
}

function dateOr(value: unknown, fallback: Date) { const date = new Date(String(value || '')); return Number.isNaN(date.getTime()) ? fallback : date; }
function money(value: unknown) { return Math.round((Number(value || 0) + Number.EPSILON) * 100) / 100; }
function creditMeta(customer: any) { const metadata = customer?.metadata && typeof customer.metadata === 'object' && !Array.isArray(customer.metadata) ? customer.metadata as Record<string, any> : {}; return { metadata, held: Boolean(metadata.creditHold), reason: String(metadata.creditHoldReason || '').trim() || null, heldAt: metadata.creditHoldAt || null }; }

export async function customerStatement(req: Request, res: Response): Promise<void> {
  try {
    const businessId = getBusinessId(req, res); const customerId = cleanString(req.params.id); if (!businessId || !customerId) return;
    const from = dateOr(req.query.from, new Date('2000-01-01T00:00:00.000Z')); const to = dateOr(req.query.to, new Date()); to.setHours(23, 59, 59, 999);
    const customer = await prisma.customer.findFirst({ where: { id: customerId, businessId } }); if (!customer) { res.status(404).json({ ok: false, error: { message: 'Customer not found' } }); return; }
    const branchId = cleanString(req.query.branchId); const invoiceWhere: any = { businessId, customerId, documentType: 'INVOICE', status: { notIn: ['DRAFT', 'CANCELLED', 'VOID'] }, ...(branchId ? { branchId } : {}) };
    const [invoices, payments, returns] = await Promise.all([
      prisma.salesDocument.findMany({ where: invoiceWhere, orderBy: { issuedAt: 'asc' } }),
      prisma.customerPayment.findMany({ where: { businessId, customerId }, orderBy: { paymentDate: 'asc' } }),
      prisma.salesReturn.findMany({ where: { businessId, customerId }, orderBy: { returnDate: 'asc' } }),
    ]);
    const entries: any[] = [];
    if (Number(customer.openingBalance || 0)) entries.push({ date: customer.createdAt, ref: 'OPEN', description: 'Opening balance', debit: money(customer.openingBalance), credit: 0, type: 'opening' });
    invoices.forEach((row: any) => entries.push({ date: row.issuedAt || row.createdAt, ref: row.documentNo, description: 'Sales invoice', debit: money(row.total), credit: 0, type: 'invoice', branchId: row.branchId }));
    payments.forEach((row: any) => entries.push({ date: row.paymentDate, ref: row.receiptNo, description: `Customer payment${row.method ? ` (${row.method})` : ''}`, debit: 0, credit: money(row.amount), type: 'payment' }));
    returns.forEach((row: any) => entries.push({ date: row.returnDate, ref: row.returnNo, description: 'Sales return / credit', debit: 0, credit: money(row.total), type: 'return' }));
    entries.sort((a, b) => new Date(a.date).getTime() - new Date(b.date).getTime());
    let runningBalance = 0; const openingEntries = entries.filter(row => new Date(row.date) < from); openingEntries.forEach(row => { runningBalance = money(runningBalance + row.debit - row.credit); });
    const rows = entries.filter(row => new Date(row.date) >= from && new Date(row.date) <= to).map(row => ({ ...row, runningBalance: (runningBalance = money(runningBalance + row.debit - row.credit)) }));
    res.json({ ok: true, data: { customer: formatCustomer(customer), from, to, openingBalance: money(openingEntries.reduce((sum, row) => sum + row.debit - row.credit, 0)), rows, totals: { debit: money(rows.reduce((sum, row) => sum + row.debit, 0)), credit: money(rows.reduce((sum, row) => sum + row.credit, 0)), closingBalance: runningBalance } } });
  } catch (error) { console.error('Customer statement failed:', error); res.status(500).json({ ok: false, error: { message: 'Failed to load customer statement' } }); }
}

export async function customerCreditStatus(req: Request, res: Response): Promise<void> {
  try { const businessId = getBusinessId(req, res); const id = cleanString(req.params.id); if (!businessId || !id) return;
    const customer = await prisma.customer.findFirst({ where: { id, businessId } }); if (!customer) { res.status(404).json({ ok: false, error: { message: 'Customer not found' } }); return; }
    const invoices = await prisma.salesDocument.findMany({ where: { businessId, customerId: id, documentType: 'INVOICE', balance: { gt: 0 }, status: { notIn: ['DRAFT', 'CANCELLED', 'VOID'] } }, select: { dueDate: true, balance: true } });
    const now = new Date(); const overdue = invoices.filter(row => row.dueDate && row.dueDate < now); const meta = creditMeta(customer); const exposure = money(customer.balance); const limit = money(customer.creditLimit);
    res.json({ ok: true, data: { customerId: id, creditLimit: limit, currentExposure: exposure, availableCredit: limit > 0 ? money(Math.max(0, limit - exposure)) : null, overdueDocumentCount: overdue.length, oldestOverdueDate: overdue.sort((a, b) => Number(a.dueDate) - Number(b.dueDate))[0]?.dueDate || null, creditHold: meta.held, creditHoldReason: meta.reason, creditHoldAt: meta.heldAt, reason: meta.held ? meta.reason || 'Customer account is on credit hold' : overdue.length ? 'Customer has overdue invoices' : null } });
  } catch (error) { console.error('Customer credit status failed:', error); res.status(500).json({ ok: false, error: { message: 'Failed to load customer credit status' } }); }
}

export async function customerAgeing(req: Request, res: Response): Promise<void> {
  try { const businessId = getBusinessId(req, res); if (!businessId) return; const now = new Date(); const customers = await prisma.customer.findMany({ where: { businessId, active: true }, orderBy: { name: 'asc' } }); const invoices = await prisma.salesDocument.findMany({ where: { businessId, documentType: 'INVOICE', balance: { gt: 0 }, status: { notIn: ['DRAFT', 'CANCELLED', 'VOID'] } }, select: { customerId: true, balance: true, dueDate: true, issuedAt: true } }); const byCustomer = new Map<string, any>(); invoices.forEach((row: any) => { if (!row.customerId) return; const bucket = byCustomer.get(row.customerId) || { current: 0, days1to30: 0, days31to60: 0, days61to90: 0, days90plus: 0 }; const base = row.dueDate || row.issuedAt || now; const days = Math.max(0, Math.floor((now.getTime() - new Date(base).getTime()) / 86400000)); const amount = money(row.balance); if (days === 0) bucket.current += amount; else if (days <= 30) bucket.days1to30 += amount; else if (days <= 60) bucket.days31to60 += amount; else if (days <= 90) bucket.days61to90 += amount; else bucket.days90plus += amount; byCustomer.set(row.customerId, bucket); }); const rows = customers.map((customer: any) => { const bucket = byCustomer.get(customer.id) || { current: 0, days1to30: 0, days31to60: 0, days61to90: 0, days90plus: 0 }; return { customerId: customer.id, customerName: customer.name, ...Object.fromEntries(Object.entries(bucket).map(([key, value]) => [key, money(value)])), total: money(Object.values(bucket).reduce((sum: number, value: any) => sum + Number(value), 0)), creditHold: creditMeta(customer).held }; }); res.json({ ok: true, data: { rows } });
  } catch (error) { console.error('Customer ageing failed:', error); res.status(500).json({ ok: false, error: { message: 'Failed to load customer ageing' } }); }
}

export async function setCustomerCreditHold(req: Request, res: Response): Promise<void> {
  try { const businessId = getBusinessId(req, res); const id = cleanString(req.params.id); if (!businessId || !id) return; const hold = Boolean(req.body?.hold); const reason = cleanString(req.body?.reason); const updated = await prisma.$transaction(async tx => { const access = await loadUserAccess(tx, businessId, req.tenant?.userId); if (!(access.isOwner || access.isAdmin || access.isManager || hasPermission(access, 'customers.manage_credit_hold'))) requirePermission(access, 'customers.manage_credit_hold'); const customer = await tx.customer.findFirst({ where: { id, businessId } }); if (!customer) throw new Error('Customer not found'); const current = creditMeta(customer); const metadata = { ...current.metadata, creditHold: hold, creditHoldReason: hold ? reason || 'Held by authorised user' : null, creditHoldAt: hold ? new Date().toISOString() : null, creditHoldByUserId: hold ? access.userId : null }; const row = await tx.customer.update({ where: { id }, data: { metadata } }); await writeAudit(tx, req, { businessId, userId: access.userId, action: hold ? 'CUSTOMER_CREDIT_HELD' : 'CUSTOMER_CREDIT_RELEASED', entityType: 'customer', entityId: id, before: { creditHold: current.held, reason: current.reason }, after: { creditHold: hold, reason: metadata.creditHoldReason } }); return row; }); res.json({ ok: true, data: formatCustomer(updated) });
  } catch (error: any) { res.status(403).json({ ok: false, error: { message: error?.message || 'Unable to update customer credit hold' } }); }
}
